hash: 11efffc0e59e0d59c5964ad6c9c3040017502f7e66b38eb032ce289cf1d46117
updated: 2017-05-25T23:40:57.906895484+08:00
imports:
- name: github.com/yhat/scrape
  version: 24b7890b0945459dbf91743e4d2ac5d75a51fee2
- name: github.com/yuin/gopher-lua
  version: b402f3114ec730d8bddb074a6c137309f561aa78
  subpackages:
  - ast
  - parse
  - pm
- name: golang.org/x/net
  version: 7dcfb8076726a3fdd9353b6b8a1f1b6be6811bd6
  subpackages:
  - context
  - html
  - html/atom
- name: layeh.com/gopher-luar
  version: 16281577dff29557258daa8ca9bc9b2e05f451f2
testImports: []
